
Microsoft Visual Studio Solution File, Format Version 12.00
# Visual Studio Version 17
VisualStudioVersion = 17.0.32126.317
MinimumVisualStudioVersion = 10.0.40219.1
Project("{FAE04EC0-301F-11D3-BF4B-00C04F79EFBC}") = "NummernAnzeige", "NummernAnzeige\NummernAnzeige.csproj", "{3907875D-5620-47AE-BFD7-71826CCE1DD8}"
EndProject
Global
	GlobalSection(SolutionConfigurationPlatforms) = preSolution
		Debug|Any CPU = Debug|Any CPU
		Release|Any CPU = Release|Any CPU
	EndGlobalSection
	GlobalSection(ProjectConfigurationPlatforms) = postSolution
		{3907875D-5620-47AE-BFD7-71826CCE1DD8}.Debug|Any CPU.ActiveCfg = Debug|Any CPU
		{3907875D-5620-47AE-BFD7-71826CCE1DD8}.Debug|Any CPU.Build.0 = Debug|Any CPU
		{3907875D-5620-47AE-BFD7-71826CCE1DD8}.Release|Any CPU.ActiveCfg = Release|Any CPU
		{3907875D-5620-47AE-BFD7-71826CCE1DD8}.Release|Any CPU.Build.0 = Release|Any CPU
	EndGlobalSection
	GlobalSection(SolutionProperties) = preSolution
		HideSolutionNode = FALSE
	EndGlobalSection
	GlobalSection(ExtensibilityGlobals) = postSolution
		SolutionGuid = {564DAA92-B000-4B72-A919-4E1127786D02}
	EndGlobalSection
EndGlobal
